
Microsoft Visual Studio Solution File, Format Version 12.00
# Visual Studio Version 17
VisualStudioVersion = 17.2.32630.192
MinimumVisualStudioVersion = 10.0.40219.1
Project("{9A19103F-16F7-4668-BE54-9A1E7A4F7556}") = "Witcher3MapViewer.WPF", "Witcher3MapViewer\Witcher3MapViewer.WPF.csproj", "{59C1FA03-95AA-4E49-AE38-0B243EEA5F2C}"
EndProject
Project("{9A19103F-16F7-4668-BE54-9A1E7A4F7556}") = "Witcher3MapViewer.Test", "Witcher3MapViewer.Test\Witcher3MapViewer.Test.csproj", "{8D36A4EB-2332-4D63-833D-D116B160475B}"
EndProject
Project("{9A19103F-16F7-4668-BE54-9A1E7A4F7556}") = "Witcher3MapViewer.Core", "Witcher3MapViewer.Core\Witcher3MapViewer.Core.csproj", "{AD62B725-0126-425F-85BF-56E5587FC3E1}"
EndProject
Project("{9A19103F-16F7-4668-BE54-9A1E7A4F7556}") = "Witcher3SaveFile", "Witcher3SaveFile\Witcher3SaveFile.csproj", "{14E4EF8F-FB07-433C-9EF2-1E0F381E4AD8}"
EndProject
Global
	GlobalSection(SolutionConfigurationPlatforms) = preSolution
		Debug|Any CPU = Debug|Any CPU
		Release|Any CPU = Release|Any CPU
	EndGlobalSection
	GlobalSection(ProjectConfigurationPlatforms) = postSolution
		{59C1FA03-95AA-4E49-AE38-0B243EEA5F2C}.Debug|Any CPU.ActiveCfg = Debug|Any CPU
		{59C1FA03-95AA-4E49-AE38-0B243EEA5F2C}.Debug|Any CPU.Build.0 = Debug|Any CPU
		{59C1FA03-95AA-4E49-AE38-0B243EEA5F2C}.Release|Any CPU.ActiveCfg = Release|Any CPU
		{59C1FA03-95AA-4E49-AE38-0B243EEA5F2C}.Release|Any CPU.Build.0 = Release|Any CPU
		{8D36A4EB-2332-4D63-833D-D116B160475B}.Debug|Any CPU.ActiveCfg = Debug|Any CPU
		{8D36A4EB-2332-4D63-833D-D116B160475B}.Debug|Any CPU.Build.0 = Debug|Any CPU
		{8D36A4EB-2332-4D63-833D-D116B160475B}.Release|Any CPU.ActiveCfg = Release|Any CPU
		{8D36A4EB-2332-4D63-833D-D116B160475B}.Release|Any CPU.Build.0 = Release|Any CPU
		{AD62B725-0126-425F-85BF-56E5587FC3E1}.Debug|Any CPU.ActiveCfg = Debug|Any CPU
		{AD62B725-0126-425F-85BF-56E5587FC3E1}.Debug|Any CPU.Build.0 = Debug|Any CPU
		{AD62B725-0126-425F-85BF-56E5587FC3E1}.Release|Any CPU.ActiveCfg = Release|Any CPU
		{AD62B725-0126-425F-85BF-56E5587FC3E1}.Release|Any CPU.Build.0 = Release|Any CPU
		{14E4EF8F-FB07-433C-9EF2-1E0F381E4AD8}.Debug|Any CPU.ActiveCfg = Debug|Any CPU
		{14E4EF8F-FB07-433C-9EF2-1E0F381E4AD8}.Debug|Any CPU.Build.0 = Debug|Any CPU
		{14E4EF8F-FB07-433C-9EF2-1E0F381E4AD8}.Release|Any CPU.ActiveCfg = Release|Any CPU
		{14E4EF8F-FB07-433C-9EF2-1E0F381E4AD8}.Release|Any CPU.Build.0 = Release|Any CPU
	EndGlobalSection
	GlobalSection(SolutionProperties) = preSolution
		HideSolutionNode = FALSE
	EndGlobalSection
	GlobalSection(ExtensibilityGlobals) = postSolution
		SolutionGuid = {1B00DFC9-AC34-4608-8825-DDEEA81E3A46}
	EndGlobalSection
EndGlobal
